
Microsoft Visual Studio Solution File, Format Version 12.00
# Visual Studio 15
VisualStudioVersion = 15.0.27703.2042
MinimumVisualStudioVersion = 10.0.40219.1
Project("{888888A0-9F3D-457C-B088-3A5042F75D52}") = "KiteConnect", "KiteConnect\KiteConnect.pyproj", "{185AF9F3-760B-4892-817E-D039607B5EE7}"
EndProject
Global
	GlobalSection(SolutionConfigurationPlatforms) = preSolution
		Debug|Any CPU = Debug|Any CPU
		Release|Any CPU = Release|Any CPU
	EndGlobalSection
	GlobalSection(ProjectConfigurationPlatforms) = postSolution
		{185AF9F3-760B-4892-817E-D039607B5EE7}.Debug|Any CPU.ActiveCfg = Debug|Any CPU
		{185AF9F3-760B-4892-817E-D039607B5EE7}.Release|Any CPU.ActiveCfg = Release|Any CPU
	EndGlobalSection
	GlobalSection(SolutionProperties) = preSolution
		HideSolutionNode = FALSE
	EndGlobalSection
	GlobalSection(ExtensibilityGlobals) = postSolution
		SolutionGuid = {2BF2E703-EA6A-4B37-A8B6-9751439C0BDF}
	EndGlobalSection
EndGlobal
